
Microsoft Visual Studio Solution File, Format Version 12.00
# Visual Studio Version 17
VisualStudioVersion = 17.0.32014.148
MinimumVisualStudioVersion = 10.0.40219.1
Project("{9A19103F-16F7-4668-BE54-9A1E7A4F7556}") = "BibikaProject.Infrastructure", "BibikaProject.Infrastructure\BibikaProject.Infrastructure.csproj", "{73906112-706F-45C1-9394-11CD356F3B9B}"
EndProject
Project("{9A19103F-16F7-4668-BE54-9A1E7A4F7556}") = "BibikaProject.Domain", "BibikaProject.Domain\BibikaProject.Domain.csproj", "{923B82ED-D2EC-426E-8DF8-505F8073E28B}"
EndProject
Project("{9A19103F-16F7-4668-BE54-9A1E7A4F7556}") = "BibikaProject.Application", "BibikaProject.Application\BibikaProject.Application.csproj", "{32C786C5-819E-45C2-A7B3-24656747133D}"
EndProject
Project("{FAE04EC0-301F-11D3-BF4B-00C04F79EFBC}") = "BibikaProject.WebUI", "BibikaProject.WebUI\BibikaProject.WebUI.csproj", "{17CA7470-63CD-4120-A0F9-8F6165543E17}"
EndProject
Global
	GlobalSection(SolutionConfigurationPlatforms) = preSolution
		Debug|Any CPU = Debug|Any CPU
		Release|Any CPU = Release|Any CPU
	EndGlobalSection
	GlobalSection(ProjectConfigurationPlatforms) = postSolution
		{73906112-706F-45C1-9394-11CD356F3B9B}.Debug|Any CPU.ActiveCfg = Debug|Any CPU
		{73906112-706F-45C1-9394-11CD356F3B9B}.Debug|Any CPU.Build.0 = Debug|Any CPU
		{73906112-706F-45C1-9394-11CD356F3B9B}.Release|Any CPU.ActiveCfg = Release|Any CPU
		{73906112-706F-45C1-9394-11CD356F3B9B}.Release|Any CPU.Build.0 = Release|Any CPU
		{923B82ED-D2EC-426E-8DF8-505F8073E28B}.Debug|Any CPU.ActiveCfg = Debug|Any CPU
		{923B82ED-D2EC-426E-8DF8-505F8073E28B}.Debug|Any CPU.Build.0 = Debug|Any CPU
		{923B82ED-D2EC-426E-8DF8-505F8073E28B}.Release|Any CPU.ActiveCfg = Release|Any CPU
		{923B82ED-D2EC-426E-8DF8-505F8073E28B}.Release|Any CPU.Build.0 = Release|Any CPU
		{32C786C5-819E-45C2-A7B3-24656747133D}.Debug|Any CPU.ActiveCfg = Debug|Any CPU
		{32C786C5-819E-45C2-A7B3-24656747133D}.Debug|Any CPU.Build.0 = Debug|Any CPU
		{32C786C5-819E-45C2-A7B3-24656747133D}.Release|Any CPU.ActiveCfg = Release|Any CPU
		{32C786C5-819E-45C2-A7B3-24656747133D}.Release|Any CPU.Build.0 = Release|Any CPU
		{17CA7470-63CD-4120-A0F9-8F6165543E17}.Debug|Any CPU.ActiveCfg = Debug|Any CPU
		{17CA7470-63CD-4120-A0F9-8F6165543E17}.Debug|Any CPU.Build.0 = Debug|Any CPU
		{17CA7470-63CD-4120-A0F9-8F6165543E17}.Release|Any CPU.ActiveCfg = Release|Any CPU
		{17CA7470-63CD-4120-A0F9-8F6165543E17}.Release|Any CPU.Build.0 = Release|Any CPU
	EndGlobalSection
	GlobalSection(SolutionProperties) = preSolution
		HideSolutionNode = FALSE
	EndGlobalSection
	GlobalSection(ExtensibilityGlobals) = postSolution
		SolutionGuid = {8B5E5CB4-49CD-47BA-8196-F148499BF0B4}
	EndGlobalSection
EndGlobal
